
Microsoft Visual Studio Solution File, Format Version 12.00
# Visual Studio Version 17
VisualStudioVersion = 17.11.35327.3
MinimumVisualStudioVersion = 10.0.40219.1
Project("{FAE04EC0-301F-11D3-BF4B-00C04F79EFBC}") = "APIData", "APIData\APIData.csproj", "{92D32A2E-1138-4B64-84CA-5619BD288033}"
EndProject
Project("{2150E333-8FDC-42A3-9474-1A3956D46DE8}") = "Solution Items", "Solution Items", "{B43FBAC8-167B-419A-BE33-3AC250F6C8BB}"
	ProjectSection(SolutionItems) = preProject
		.editorconfig = .editorconfig
		MyNotes.txt = MyNotes.txt
	EndProjectSection
EndProject
Global
	GlobalSection(SolutionConfigurationPlatforms) = preSolution
		Debug|Any CPU = Debug|Any CPU
		Release|Any CPU = Release|Any CPU
	EndGlobalSection
	GlobalSection(ProjectConfigurationPlatforms) = postSolution
		{92D32A2E-1138-4B64-84CA-5619BD288033}.Debug|Any CPU.ActiveCfg = Debug|Any CPU
		{92D32A2E-1138-4B64-84CA-5619BD288033}.Debug|Any CPU.Build.0 = Debug|Any CPU
		{92D32A2E-1138-4B64-84CA-5619BD288033}.Release|Any CPU.ActiveCfg = Release|Any CPU
		{92D32A2E-1138-4B64-84CA-5619BD288033}.Release|Any CPU.Build.0 = Release|Any CPU
	EndGlobalSection
	GlobalSection(SolutionProperties) = preSolution
		HideSolutionNode = FALSE
	EndGlobalSection
	GlobalSection(ExtensibilityGlobals) = postSolution
		SolutionGuid = {56113FD3-D0FB-428D-A852-7AFD5B39DEA8}
	EndGlobalSection
EndGlobal
